
Microsoft Visual Studio Solution File, Format Version 12.00
# Visual Studio Version 16
VisualStudioVersion = 16.0.31515.178
MinimumVisualStudioVersion = 10.0.40219.1
Project("{FAE04EC0-301F-11D3-BF4B-00C04F79EFBC}") = "Signatures", "Signatures.csproj", "{BC395CCC-FACD-4C8F-9286-DEE53F3F2060}"
EndProject
Global
	GlobalSection(SolutionConfigurationPlatforms) = preSolution
		Debug|Any CPU = Debug|Any CPU
		Release|Any CPU = Release|Any CPU
	EndGlobalSection
	GlobalSection(ProjectConfigurationPlatforms) = postSolution
		{BC395CCC-FACD-4C8F-9286-DEE53F3F2060}.Debug|Any CPU.ActiveCfg = Debug|Any CPU
		{BC395CCC-FACD-4C8F-9286-DEE53F3F2060}.Debug|Any CPU.Build.0 = Debug|Any CPU
		{BC395CCC-FACD-4C8F-9286-DEE53F3F2060}.Release|Any CPU.ActiveCfg = Release|Any CPU
		{BC395CCC-FACD-4C8F-9286-DEE53F3F2060}.Release|Any CPU.Build.0 = Release|Any CPU
	EndGlobalSection
	GlobalSection(SolutionProperties) = preSolution
		HideSolutionNode = FALSE
	EndGlobalSection
	GlobalSection(ExtensibilityGlobals) = postSolution
		SolutionGuid = {5067A27A-72CB-4925-BF69-58093B1FAFCD}
	EndGlobalSection
EndGlobal
